
Microsoft Visual Studio Solution File, Format Version 12.00
# Visual Studio Version 17
VisualStudioVersion = 17.9.34728.123
MinimumVisualStudioVersion = 10.0.40219.1
Project("{FAE04EC0-301F-11D3-BF4B-00C04F79EFBC}") = "Demo", "Demo\Demo.csproj", "{90F9774A-9921-4F73-8F46-D68114A6D371}"
EndProject
Global
	GlobalSection(SolutionConfigurationPlatforms) = preSolution
		Debug|Any CPU = Debug|Any CPU
		Release|Any CPU = Release|Any CPU
	EndGlobalSection
	GlobalSection(ProjectConfigurationPlatforms) = postSolution
		{90F9774A-9921-4F73-8F46-D68114A6D371}.Debug|Any CPU.ActiveCfg = Debug|Any CPU
		{90F9774A-9921-4F73-8F46-D68114A6D371}.Debug|Any CPU.Build.0 = Debug|Any CPU
		{90F9774A-9921-4F73-8F46-D68114A6D371}.Release|Any CPU.ActiveCfg = Release|Any CPU
		{90F9774A-9921-4F73-8F46-D68114A6D371}.Release|Any CPU.Build.0 = Release|Any CPU
	EndGlobalSection
	GlobalSection(SolutionProperties) = preSolution
		HideSolutionNode = FALSE
	EndGlobalSection
	GlobalSection(ExtensibilityGlobals) = postSolution
		SolutionGuid = {B84C30E7-8BE0-4734-8E5C-143EBB7CB1D2}
	EndGlobalSection
EndGlobal
